
Microsoft Visual Studio Solution File, Format Version 12.00
# Visual Studio 14
VisualStudioVersion = 14.0.25420.1
MinimumVisualStudioVersion = 10.0.40219.1
Project("{FAE04EC0-301F-11D3-BF4B-00C04F79EFBC}") = "CbrRates", "CbrRates\CbrRates.csproj", "{BA528379-C045-4CAA-81D8-4C2E2A744297}"
EndProject
Project("{FAE04EC0-301F-11D3-BF4B-00C04F79EFBC}") = "CbrRates.DataAccess", "CbrRates.DataAccess\CbrRates.DataAccess.csproj", "{DCB5F243-68F8-46E9-936A-7DADAE7460E1}"
EndProject
Project("{FAE04EC0-301F-11D3-BF4B-00C04F79EFBC}") = "CbrRates.DataContract", "CbrRates.DataContract\CbrRates.DataContract.csproj", "{0347A21A-15EE-4627-A8CD-BA42197F37AA}"
EndProject
Project("{FAE04EC0-301F-11D3-BF4B-00C04F79EFBC}") = "CbrRates.BusinessLogic", "CbrRates.BusinessLogic\CbrRates.BusinessLogic.csproj", "{49F2D1BD-71C8-42F7-902A-DFF40C25286B}"
EndProject
Project("{FAE04EC0-301F-11D3-BF4B-00C04F79EFBC}") = "CbrRates.CbrIntegration", "CbrRates.CbrIntegration\CbrRates.CbrIntegration.csproj", "{75FE9197-E278-409C-B601-D38A4821488B}"
EndProject
Project("{FAE04EC0-301F-11D3-BF4B-00C04F79EFBC}") = "CbrRates.ConsoleTest", "CbrRates.ConsoleTest\CbrRates.ConsoleTest.csproj", "{B52B9C4C-9A1E-4E7D-85FE-487B4F5797FD}"
EndProject
Global
	GlobalSection(SolutionConfigurationPlatforms) = preSolution
		Debug|Any CPU = Debug|Any CPU
		Release|Any CPU = Release|Any CPU
	EndGlobalSection
	GlobalSection(ProjectConfigurationPlatforms) = postSolution
		{BA528379-C045-4CAA-81D8-4C2E2A744297}.Debug|Any CPU.ActiveCfg = Debug|Any CPU
		{BA528379-C045-4CAA-81D8-4C2E2A744297}.Debug|Any CPU.Build.0 = Debug|Any CPU
		{BA528379-C045-4CAA-81D8-4C2E2A744297}.Release|Any CPU.ActiveCfg = Release|Any CPU
		{BA528379-C045-4CAA-81D8-4C2E2A744297}.Release|Any CPU.Build.0 = Release|Any CPU
		{DCB5F243-68F8-46E9-936A-7DADAE7460E1}.Debug|Any CPU.ActiveCfg = Debug|Any CPU
		{DCB5F243-68F8-46E9-936A-7DADAE7460E1}.Debug|Any CPU.Build.0 = Debug|Any CPU
		{DCB5F243-68F8-46E9-936A-7DADAE7460E1}.Release|Any CPU.ActiveCfg = Release|Any CPU
		{DCB5F243-68F8-46E9-936A-7DADAE7460E1}.Release|Any CPU.Build.0 = Release|Any CPU
		{0347A21A-15EE-4627-A8CD-BA42197F37AA}.Debug|Any CPU.ActiveCfg = Debug|Any CPU
		{0347A21A-15EE-4627-A8CD-BA42197F37AA}.Debug|Any CPU.Build.0 = Debug|Any CPU
		{0347A21A-15EE-4627-A8CD-BA42197F37AA}.Release|Any CPU.ActiveCfg = Release|Any CPU
		{0347A21A-15EE-4627-A8CD-BA42197F37AA}.Release|Any CPU.Build.0 = Release|Any CPU
		{49F2D1BD-71C8-42F7-902A-DFF40C25286B}.Debug|Any CPU.ActiveCfg = Debug|Any CPU
		{49F2D1BD-71C8-42F7-902A-DFF40C25286B}.Debug|Any CPU.Build.0 = Debug|Any CPU
		{49F2D1BD-71C8-42F7-902A-DFF40C25286B}.Release|Any CPU.ActiveCfg = Release|Any CPU
		{49F2D1BD-71C8-42F7-902A-DFF40C25286B}.Release|Any CPU.Build.0 = Release|Any CPU
		{75FE9197-E278-409C-B601-D38A4821488B}.Debug|Any CPU.ActiveCfg = Debug|Any CPU
		{75FE9197-E278-409C-B601-D38A4821488B}.Debug|Any CPU.Build.0 = Debug|Any CPU
		{75FE9197-E278-409C-B601-D38A4821488B}.Release|Any CPU.ActiveCfg = Release|Any CPU
		{75FE9197-E278-409C-B601-D38A4821488B}.Release|Any CPU.Build.0 = Release|Any CPU
		{B52B9C4C-9A1E-4E7D-85FE-487B4F5797FD}.Debug|Any CPU.ActiveCfg = Debug|Any CPU
		{B52B9C4C-9A1E-4E7D-85FE-487B4F5797FD}.Debug|Any CPU.Build.0 = Debug|Any CPU
		{B52B9C4C-9A1E-4E7D-85FE-487B4F5797FD}.Release|Any CPU.ActiveCfg = Release|Any CPU
		{B52B9C4C-9A1E-4E7D-85FE-487B4F5797FD}.Release|Any CPU.Build.0 = Release|Any CPU
	EndGlobalSection
	GlobalSection(SolutionProperties) = preSolution
		HideSolutionNode = FALSE
	EndGlobalSection
EndGlobal
